// !$*UTF8*$!
{
	archiveVersion = 1;
	classes = {
	};
	objectVersion = 48;
	objects = {

/* Begin PBXBuildFile section */
		16158CA31FC3F91600218A31 /* GroupViewController.swift in Sources */ = {isa = PBXBuildFile; fileRef = 16158CA21FC3F91600218A31 /* GroupViewController.swift */; };
		163661DE1FC9BB3C0011A645 /* RegisterViewController.swift in Sources */ = {isa = PBXBuildFile; fileRef = 163661DD1FC9BB3C0011A645 /* RegisterViewController.swift */; };
		1641359F1FC6882C00971794 /* GroupDetailViewController.swift in Sources */ = {isa = PBXBuildFile; fileRef = 1641359E1FC6882C00971794 /* GroupDetailViewController.swift */; };
		164135A31FC6968A00971794 /* CustomButton.swift in Sources */ = {isa = PBXBuildFile; fileRef = 164135A21FC6968A00971794 /* CustomButton.swift */; };
		1641F0EF1FD112CE0089B97B /* ModelViewController.swift in Sources */ = {isa = PBXBuildFile; fileRef = 1641F0EE1FD112CE0089B97B /* ModelViewController.swift */; };
		164A20C51FC17E0D0044B25F /* NoticeViewController.swift in Sources */ = {isa = PBXBuildFile; fileRef = 164A20C41FC17E0D0044B25F /* NoticeViewController.swift */; };
		164A20C71FC268FC0044B25F /* GroupData.swift in Sources */ = {isa = PBXBuildFile; fileRef = 164A20C61FC268FC0044B25F /* GroupData.swift */; };
		166FC64C1FBFDE15006F8B94 /* InputMessageViewController.swift in Sources */ = {isa = PBXBuildFile; fileRef = 166FC64B1FBFDE15006F8B94 /* InputMessageViewController.swift */; };
		166FC64E1FC0105E006F8B94 /* LoginViewController.swift in Sources */ = {isa = PBXBuildFile; fileRef = 166FC64D1FC0105E006F8B94 /* LoginViewController.swift */; };
		16774C0B1FD28E2E0096606E /* GetNotificationStatus.swift in Sources */ = {isa = PBXBuildFile; fileRef = 16774C0A1FD28E2E0096606E /* GetNotificationStatus.swift */; };
		167AE68D1FCE6BC9006597EE /* NoticeficationData.swift in Sources */ = {isa = PBXBuildFile; fileRef = 167AE68C1FCE6BC9006597EE /* NoticeficationData.swift */; };
		1684699B1FC06A04002BA60B /* SettingViewController.swift in Sources */ = {isa = PBXBuildFile; fileRef = 1684699A1FC06A04002BA60B /* SettingViewController.swift */; };
		169CDDD41FC1709A0050223B /* ShareTableTableViewController.swift in Sources */ = {isa = PBXBuildFile; fileRef = 169CDDD31FC1709A0050223B /* ShareTableTableViewController.swift */; };
		16AF50911FB1751A00BA3194 /* GroupCreateViewController.swift in Sources */ = {isa = PBXBuildFile; fileRef = 16AF50901FB1751A00BA3194 /* GroupCreateViewController.swift */; };
		16AF509B1FB1B22F00BA3194 /* HomeViewController.swift in Sources */ = {isa = PBXBuildFile; fileRef = 16AF509A1FB1B22F00BA3194 /* HomeViewController.swift */; };
		16B736B51FC86D930088EF71 /* SlackTextViewController.framework in Frameworks */ = {isa = PBXBuildFile; fileRef = 16B736B61FC86D930088EF71 /* SlackTextViewController.framework */; };
		16B736B71FC86D9D0088EF71 /* SnapKit.framework in Frameworks */ = {isa = PBXBuildFile; fileRef = 16B736B81FC86D9D0088EF71 /* SnapKit.framework */; };
		16B736BA1FC873EA0088EF71 /* Chatviewcontroller.swift in Sources */ = {isa = PBXBuildFile; fileRef = 16B736B91FC873EA0088EF71 /* Chatviewcontroller.swift */; };
		16B736C01FC874FB0088EF71 /* TableViewCell.swift in Sources */ = {isa = PBXBuildFile; fileRef = 16B736BF1FC874FB0088EF71 /* TableViewCell.swift */; };
		16BA133D1FD058470071E603 /* GetGroupnameAndApply.swift in Sources */ = {isa = PBXBuildFile; fileRef = 16BA133C1FD058470071E603 /* GetGroupnameAndApply.swift */; };
		16DF804A1FCC819200B2DEFC /* Message.swift in Sources */ = {isa = PBXBuildFile; fileRef = 16DF80491FCC819100B2DEFC /* Message.swift */; };
		16FA6C961FAC56F00016F254 /* AppDelegate.swift in Sources */ = {isa = PBXBuildFile; fileRef = 16FA6C951FAC56F00016F254 /* AppDelegate.swift */; };
		16FA6C981FAC56F00016F254 /* ViewController.swift in Sources */ = {isa = PBXBuildFile; fileRef = 16FA6C971FAC56F00016F254 /* ViewController.swift */; };
		16FA6C9B1FAC56F00016F254 /* Main.storyboard in Resources */ = {isa = PBXBuildFile; fileRef = 16FA6C991FAC56F00016F254 /* Main.storyboard */; };
		16FA6C9D1FAC56F00016F254 /* Assets.xcassets in Resources */ = {isa = PBXBuildFile; fileRef = 16FA6C9C1FAC56F00016F254 /* Assets.xcassets */; };
		16FA6CA01FAC56F00016F254 /* LaunchScreen.storyboard in Resources */ = {isa = PBXBuildFile; fileRef = 16FA6C9E1FAC56F00016F254 /* LaunchScreen.storyboard */; };
		16FA6CA71FAC57960016F254 /* FBSDKCoreKit.framework in Frameworks */ = {isa = PBXBuildFile; fileRef = 16FA6CAA1FAC57960016F254 /* FBSDKCoreKit.framework */; };
		16FA6CA81FAC57960016F254 /* FBSDKLoginKit.framework in Frameworks */ = {isa = PBXBuildFile; fileRef = 16FA6CAB1FAC57960016F254 /* FBSDKLoginKit.framework */; };
		16FA6CA91FAC57960016F254 /* FBSDKShareKit.framework in Frameworks */ = {isa = PBXBuildFile; fileRef = 16FA6CAC1FAC57960016F254 /* FBSDKShareKit.framework */; };
		16FA6CB01FAC5B660016F254 /* GoogleService-Info.plist in Resources */ = {isa = PBXBuildFile; fileRef = 16FA6CAF1FAC5B660016F254 /* GoogleService-Info.plist */; };
		16FA6CB21FAC67E70016F254 /* SecondViewController.swift in Sources */ = {isa = PBXBuildFile; fileRef = 16FA6CB11FAC67E70016F254 /* SecondViewController.swift */; };
		16FA6CB31FAE10B20016F254 /* SDWebImage.framework in Frameworks */ = {isa = PBXBuildFile; fileRef = 16FA6CB41FAE10B20016F254 /* SDWebImage.framework */; };
		FB90FA12C142A3CD1F9F732D /* Pods_MUJIN_ios.framework in Frameworks */ = {isa = PBXBuildFile; fileRef = 6B4686F8D9AD72CF0E9E31F4 /* Pods_MUJIN_ios.framework */; };
/* End PBXBuildFile section */

/* Begin PBXFileReference section */
		0C117FD3411BDCCD7B801F43 /* Pods-MUJIN.ios.debug.xcconfig */ = {isa = PBXFileReference; includeInIndex = 1; lastKnownFileType = text.xcconfig; name = "Pods-MUJIN.ios.debug.xcconfig"; path = "Pods/Target Support Files/Pods-MUJIN.ios/Pods-MUJIN.ios.debug.xcconfig"; sourceTree = "<group>"; };
		16158CA21FC3F91600218A31 /* GroupViewController.swift */ = {isa = PBXFileReference; lastKnownFileType = sourcecode.swift; path = GroupViewController.swift; sourceTree = "<group>"; };
		163661DD1FC9BB3C0011A645 /* RegisterViewController.swift */ = {isa = PBXFileReference; lastKnownFileType = sourcecode.swift; path = RegisterViewController.swift; sourceTree = "<group>"; };
		1641359E1FC6882C00971794 /* GroupDetailViewController.swift */ = {isa = PBXFileReference; lastKnownFileType = sourcecode.swift; path = GroupDetailViewController.swift; sourceTree = "<group>"; };
		164135A21FC6968A00971794 /* CustomButton.swift */ = {isa = PBXFileReference; lastKnownFileType = sourcecode.swift; path = CustomButton.swift; sourceTree = "<group>"; };
		1641F0EE1FD112CE0089B97B /* ModelViewController.swift */ = {isa = PBXFileReference; lastKnownFileType = sourcecode.swift; path = ModelViewController.swift; sourceTree = "<group>"; };
		164A20C41FC17E0D0044B25F /* NoticeViewController.swift */ = {isa = PBXFileReference; lastKnownFileType = sourcecode.swift; path = NoticeViewController.swift; sourceTree = "<group>"; };
		164A20C61FC268FC0044B25F /* GroupData.swift */ = {isa = PBXFileReference; lastKnownFileType = sourcecode.swift; path = GroupData.swift; sourceTree = "<group>"; };
		166FC64B1FBFDE15006F8B94 /* InputMessageViewController.swift */ = {isa = PBXFileReference; lastKnownFileType = sourcecode.swift; path = InputMessageViewController.swift; sourceTree = "<group>"; };
		166FC64D1FC0105E006F8B94 /* LoginViewController.swift */ = {isa = PBXFileReference; lastKnownFileType = sourcecode.swift; path = LoginViewController.swift; sourceTree = "<group>"; };
		16774C0A1FD28E2E0096606E /* GetNotificationStatus.swift */ = {isa = PBXFileReference; lastKnownFileType = sourcecode.swift; path = GetNotificationStatus.swift; sourceTree = "<group>"; };
		167AE68C1FCE6BC9006597EE /* NoticeficationData.swift */ = {isa = PBXFileReference; lastKnownFileType = sourcecode.swift; path = NoticeficationData.swift; sourceTree = "<group>"; };
		1684699A1FC06A04002BA60B /* SettingViewController.swift */ = {isa = PBXFileReference; lastKnownFileType = sourcecode.swift; path = SettingViewController.swift; sourceTree = "<group>"; };
		169CDDD31FC1709A0050223B /* ShareTableTableViewController.swift */ = {isa = PBXFileReference; lastKnownFileType = sourcecode.swift; path = ShareTableTableViewController.swift; sourceTree = "<group>"; };
		16AF50901FB1751A00BA3194 /* GroupCreateViewController.swift */ = {isa = PBXFileReference; lastKnownFileType = sourcecode.swift; path = GroupCreateViewController.swift; sourceTree = "<group>"; };
		16AF509A1FB1B22F00BA3194 /* HomeViewController.swift */ = {isa = PBXFileReference; lastKnownFileType = sourcecode.swift; path = HomeViewController.swift; sourceTree = "<group>"; };
		16B21B7A1FCC80220023844E /* Bolts.framework */ = {isa = PBXFileReference; explicitFileType = wrapper.framework; path = Bolts.framework; sourceTree = BUILT_PRODUCTS_DIR; };
		16B736B61FC86D930088EF71 /* SlackTextViewController.framework */ = {isa = PBXFileReference; explicitFileType = wrapper.framework; path = SlackTextViewController.framework; sourceTree = BUILT_PRODUCTS_DIR; };
		16B736B81FC86D9D0088EF71 /* SnapKit.framework */ = {isa = PBXFileReference; explicitFileType = wrapper.framework; path = SnapKit.framework; sourceTree = BUILT_PRODUCTS_DIR; };
		16B736B91FC873EA0088EF71 /* Chatviewcontroller.swift */ = {isa = PBXFileReference; lastKnownFileType = sourcecode.swift; path = Chatviewcontroller.swift; sourceTree = "<group>"; };
		16B736BF1FC874FB0088EF71 /* TableViewCell.swift */ = {isa = PBXFileReference; lastKnownFileType = sourcecode.swift; path = TableViewCell.swift; sourceTree = "<group>"; };
		16BA133C1FD058470071E603 /* GetGroupnameAndApply.swift */ = {isa = PBXFileReference; lastKnownFileType = sourcecode.swift; path = GetGroupnameAndApply.swift; sourceTree = "<group>"; };
		16DF80491FCC819100B2DEFC /* Message.swift */ = {isa = PBXFileReference; fileEncoding = 4; lastKnownFileType = sourcecode.swift; path = Message.swift; sourceTree = "<group>"; };
		16FA6C921FAC56F00016F254 /* MUJIN.ios.app */ = {isa = PBXFileReference; explicitFileType = wrapper.application; includeInIndex = 0; path = MUJIN.ios.app; sourceTree = BUILT_PRODUCTS_DIR; };
		16FA6C951FAC56F00016F254 /* AppDelegate.swift */ = {isa = PBXFileReference; lastKnownFileType = sourcecode.swift; path = AppDelegate.swift; sourceTree = "<group>"; };
		16FA6C971FAC56F00016F254 /* ViewController.swift */ = {isa = PBXFileReference; lastKnownFileType = sourcecode.swift; path = ViewController.swift; sourceTree = "<group>"; };
		16FA6C9A1FAC56F00016F254 /* Base */ = {isa = PBXFileReference; lastKnownFileType = file.storyboard; name = Base; path = Base.lproj/Main.storyboard; sourceTree = "<group>"; };
		16FA6C9C1FAC56F00016F254 /* Assets.xcassets */ = {isa = PBXFileReference; lastKnownFileType = folder.assetcatalog; path = Assets.xcassets; sourceTree = "<group>"; };
		16FA6C9F1FAC56F00016F254 /* Base */ = {isa = PBXFileReference; lastKnownFileType = file.storyboard; name = Base; path = Base.lproj/LaunchScreen.storyboard; sourceTree = "<group>"; };
		16FA6CA11FAC56F00016F254 /* Info.plist */ = {isa = PBXFileReference; lastKnownFileType = text.plist.xml; path = Info.plist; sourceTree = "<group>"; };
		16FA6CAA1FAC57960016F254 /* FBSDKCoreKit.framework */ = {isa = PBXFileReference; explicitFileType = wrapper.framework; path = FBSDKCoreKit.framework; sourceTree = BUILT_PRODUCTS_DIR; };
		16FA6CAB1FAC57960016F254 /* FBSDKLoginKit.framework */ = {isa = PBXFileReference; explicitFileType = wrapper.framework; path = FBSDKLoginKit.framework; sourceTree = BUILT_PRODUCTS_DIR; };
		16FA6CAC1FAC57960016F254 /* FBSDKShareKit.framework */ = {isa = PBXFileReference; explicitFileType = wrapper.framework; path = FBSDKShareKit.framework; sourceTree = BUILT_PRODUCTS_DIR; };
		16FA6CAF1FAC5B660016F254 /* GoogleService-Info.plist */ = {isa = PBXFileReference; fileEncoding = 4; lastKnownFileType = text.plist.xml; name = "GoogleService-Info.plist"; path = "../../GoogleService-Info.plist"; sourceTree = "<group>"; };
		16FA6CB11FAC67E70016F254 /* SecondViewController.swift */ = {isa = PBXFileReference; lastKnownFileType = sourcecode.swift; path = SecondViewController.swift; sourceTree = "<group>"; };
		16FA6CB41FAE10B20016F254 /* SDWebImage.framework */ = {isa = PBXFileReference; explicitFileType = wrapper.framework; path = SDWebImage.framework; sourceTree = BUILT_PRODUCTS_DIR; };
		16FA6CB51FAE114B0016F254 /* MUJIN.ios-Bridging-Header.h */ = {isa = PBXFileReference; lastKnownFileType = sourcecode.c.h; path = "MUJIN.ios-Bridging-Header.h"; sourceTree = "<group>"; };
		16FA6CB81FAECA0A0016F254 /* MUJIN.ios.entitlements */ = {isa = PBXFileReference; lastKnownFileType = text.plist.entitlements; path = MUJIN.ios.entitlements; sourceTree = "<group>"; };
		6B4686F8D9AD72CF0E9E31F4 /* Pods_MUJIN_ios.framework */ = {isa = PBXFileReference; explicitFileType = wrapper.framework; includeInIndex = 0; path = Pods_MUJIN_ios.framework; sourceTree = BUILT_PRODUCTS_DIR; };
		C8EEF1A227B9DBFD01331585 /* Pods-MUJIN.ios.release.xcconfig */ = {isa = PBXFileReference; includeInIndex = 1; lastKnownFileType = text.xcconfig; name = "Pods-MUJIN.ios.release.xcconfig"; path = "Pods/Target Support Files/Pods-MUJIN.ios/Pods-MUJIN.ios.release.xcconfig"; sourceTree = "<group>"; };
/* End PBXFileReference section */

/* Begin PBXFrameworksBuildPhase section */
		16FA6C8F1FAC56F00016F254 /* Frameworks */ = {
			isa = PBXFrameworksBuildPhase;
			buildActionMask = 2147483647;
			files = (
				16B736B71FC86D9D0088EF71 /* SnapKit.framework in Frameworks */,
				16B736B51FC86D930088EF71 /* SlackTextViewController.framework in Frameworks */,
				16FA6CB31FAE10B20016F254 /* SDWebImage.framework in Frameworks */,
				16FA6CA71FAC57960016F254 /* FBSDKCoreKit.framework in Frameworks */,
				16FA6CA81FAC57960016F254 /* FBSDKLoginKit.framework in Frameworks */,
				16FA6CA91FAC57960016F254 /* FBSDKShareKit.framework in Frameworks */,
				FB90FA12C142A3CD1F9F732D /* Pods_MUJIN_ios.framework in Frameworks */,
			);
			runOnlyForDeploymentPostprocessing = 0;
		};
/* End PBXFrameworksBuildPhase section */

/* Begin PBXGroup section */
		16FA6C891FAC56F00016F254 = {
			isa = PBXGroup;
			children = (
				16FA6C941FAC56F00016F254 /* MUJIN.ios */,
				16FA6C931FAC56F00016F254 /* Products */,
				3384E0F7A4E6216B331DE6BD /* Pods */,
				A9CF62C1578C1694B84B3BE6 /* Frameworks */,
				16FA6CB51FAE114B0016F254 /* MUJIN.ios-Bridging-Header.h */,
			);
			sourceTree = "<group>";
		};
		16FA6C931FAC56F00016F254 /* Products */ = {
			isa = PBXGroup;
			children = (
				16FA6C921FAC56F00016F254 /* MUJIN.ios.app */,
			);
			name = Products;
			sourceTree = "<group>";
		};
		16FA6C941FAC56F00016F254 /* MUJIN.ios */ = {
			isa = PBXGroup;
			children = (
				16FA6C951FAC56F00016F254 /* AppDelegate.swift */,
				166FC64D1FC0105E006F8B94 /* LoginViewController.swift */,
				16FA6C971FAC56F00016F254 /* ViewController.swift */,
				16FA6C991FAC56F00016F254 /* Main.storyboard */,
				1641F0EE1FD112CE0089B97B /* ModelViewController.swift */,
				163661DD1FC9BB3C0011A645 /* RegisterViewController.swift */,
				16B736B91FC873EA0088EF71 /* Chatviewcontroller.swift */,
				16B736BF1FC874FB0088EF71 /* TableViewCell.swift */,
				16DF80491FCC819100B2DEFC /* Message.swift */,
				1641359E1FC6882C00971794 /* GroupDetailViewController.swift */,
				16158CA21FC3F91600218A31 /* GroupViewController.swift */,
				169CDDD31FC1709A0050223B /* ShareTableTableViewController.swift */,
				1684699A1FC06A04002BA60B /* SettingViewController.swift */,
				166FC64B1FBFDE15006F8B94 /* InputMessageViewController.swift */,
				16AF50901FB1751A00BA3194 /* GroupCreateViewController.swift */,
				16FA6CB11FAC67E70016F254 /* SecondViewController.swift */,
				16FA6C9C1FAC56F00016F254 /* Assets.xcassets */,
				16FA6C9E1FAC56F00016F254 /* LaunchScreen.storyboard */,
				16FA6CAF1FAC5B660016F254 /* GoogleService-Info.plist */,
				164135A21FC6968A00971794 /* CustomButton.swift */,
				16FA6CA11FAC56F00016F254 /* Info.plist */,
				16FA6CB81FAECA0A0016F254 /* MUJIN.ios.entitlements */,
				16AF509A1FB1B22F00BA3194 /* HomeViewController.swift */,
				164A20C41FC17E0D0044B25F /* NoticeViewController.swift */,
				167AE68C1FCE6BC9006597EE /* NoticeficationData.swift */,
				16BA133C1FD058470071E603 /* GetGroupnameAndApply.swift */,
				16774C0A1FD28E2E0096606E /* GetNotificationStatus.swift */,
				164A20C61FC268FC0044B25F /* GroupData.swift */,
			);
			path = MUJIN.ios;
			sourceTree = "<group>";
		};
		3384E0F7A4E6216B331DE6BD /* Pods */ = {
			isa = PBXGroup;
			children = (
				0C117FD3411BDCCD7B801F43 /* Pods-MUJIN.ios.debug.xcconfig */,
				C8EEF1A227B9DBFD01331585 /* Pods-MUJIN.ios.release.xcconfig */,
			);
			name = Pods;
			sourceTree = "<group>";
		};
		A9CF62C1578C1694B84B3BE6 /* Frameworks */ = {
			isa = PBXGroup;
			children = (
				16B21B7A1FCC80220023844E /* Bolts.framework */,
				16B736B81FC86D9D0088EF71 /* SnapKit.framework */,
				16B736B61FC86D930088EF71 /* SlackTextViewController.framework */,
				16FA6CB41FAE10B20016F254 /* SDWebImage.framework */,
				16FA6CAA1FAC57960016F254 /* FBSDKCoreKit.framework */,
				16FA6CAB1FAC57960016F254 /* FBSDKLoginKit.framework */,
				16FA6CAC1FAC57960016F254 /* FBSDKShareKit.framework */,
				6B4686F8D9AD72CF0E9E31F4 /* Pods_MUJIN_ios.framework */,
			);
			name = Frameworks;
			sourceTree = "<group>";
		};
/* End PBXGroup section */

/* Begin PBXNativeTarget section */
		16FA6C911FAC56F00016F254 /* MUJIN.ios */ = {
			isa = PBXNativeTarget;
			buildConfigurationList = 16FA6CA41FAC56F00016F254 /* Build configuration list for PBXNativeTarget "MUJIN.ios" */;
			buildPhases = (
				697AC07AA9F9C06E20C49861 /* [CP] Check Pods Manifest.lock */,
				16FA6C8E1FAC56F00016F254 /* Sources */,
				16FA6C8F1FAC56F00016F254 /* Frameworks */,
				16FA6C901FAC56F00016F254 /* Resources */,
				0A157C0AA5F67A1BD58AD438 /* [CP] Embed Pods Frameworks */,
				7D1FE924F1D09732AD533459 /* [CP] Copy Pods Resources */,
			);
			buildRules = (
			);
			dependencies = (
			);
			name = MUJIN.ios;
			productName = MUJIN.ios;
			productReference = 16FA6C921FAC56F00016F254 /* MUJIN.ios.app */;
			productType = "com.apple.product-type.application";
		};
/* End PBXNativeTarget section */

/* Begin PBXProject section */
		16FA6C8A1FAC56F00016F254 /* Project object */ = {
			isa = PBXProject;
			attributes = {
				LastSwiftUpdateCheck = 0900;
				LastUpgradeCheck = 0900;
				ORGANIZATIONNAME = "高橋勇輝";
				TargetAttributes = {
					16FA6C911FAC56F00016F254 = {
						CreatedOnToolsVersion = 9.0.1;
						LastSwiftMigration = 0900;
						ProvisioningStyle = Automatic;
						SystemCapabilities = {
							com.apple.Keychain = {
								enabled = 1;
							};
						};
					};
				};
			};
			buildConfigurationList = 16FA6C8D1FAC56F00016F254 /* Build configuration list for PBXProject "MUJIN.ios" */;
			compatibilityVersion = "Xcode 8.0";
			developmentRegion = en;
			hasScannedForEncodings = 0;
			knownRegions = (
				en,
				Base,
			);
			mainGroup = 16FA6C891FAC56F00016F254;
			productRefGroup = 16FA6C931FAC56F00016F254 /* Products */;
			projectDirPath = "";
			projectRoot = "";
			targets = (
				16FA6C911FAC56F00016F254 /* MUJIN.ios */,
			);
		};
/* End PBXProject section */

/* Begin PBXResourcesBuildPhase section */
		16FA6C901FAC56F00016F254 /* Resources */ = {
			isa = PBXResourcesBuildPhase;
			buildActionMask = 2147483647;
			files = (
				16FA6CA01FAC56F00016F254 /* LaunchScreen.storyboard in Resources */,
				16FA6CB01FAC5B660016F254 /* GoogleService-Info.plist in Resources */,
				16FA6C9D1FAC56F00016F254 /* Assets.xcassets in Resources */,
				16FA6C9B1FAC56F00016F254 /* Main.storyboard in Resources */,
			);
			runOnlyForDeploymentPostprocessing = 0;
		};
/* End PBXResourcesBuildPhase section */

/* Begin PBXShellScriptBuildPhase section */
		0A157C0AA5F67A1BD58AD438 /* [CP] Embed Pods Frameworks */ = {
			isa = PBXShellScriptBuildPhase;
			buildActionMask = 2147483647;
			files = (
			);
			inputPaths = (
				"${SRCROOT}/Pods/Target Support Files/Pods-MUJIN.ios/Pods-MUJIN.ios-frameworks.sh",
				"${BUILT_PRODUCTS_DIR}/Bolts/Bolts.framework",
				"${BUILT_PRODUCTS_DIR}/FBSDKCoreKit/FBSDKCoreKit.framework",
				"${BUILT_PRODUCTS_DIR}/FBSDKLoginKit/FBSDKLoginKit.framework",
				"${BUILT_PRODUCTS_DIR}/FBSDKShareKit/FBSDKShareKit.framework",
				"${BUILT_PRODUCTS_DIR}/GTMSessionFetcher/GTMSessionFetcher.framework",
				"${BUILT_PRODUCTS_DIR}/GoogleToolboxForMac/GoogleToolboxForMac.framework",
				"${BUILT_PRODUCTS_DIR}/SDWebImage/SDWebImage.framework",
				"${BUILT_PRODUCTS_DIR}/SlackTextViewController/SlackTextViewController.framework",
				"${BUILT_PRODUCTS_DIR}/SnapKit/SnapKit.framework",
				"${BUILT_PRODUCTS_DIR}/leveldb-library/leveldb.framework",
				"${BUILT_PRODUCTS_DIR}/nanopb/nanopb.framework",
			);
			name = "[CP] Embed Pods Frameworks";
			outputPaths = (
				"${TARGET_BUILD_DIR}/${FRAMEWORKS_FOLDER_PATH}/Bolts.framework",
				"${TARGET_BUILD_DIR}/${FRAMEWORKS_FOLDER_PATH}/FBSDKCoreKit.framework",
				"${TARGET_BUILD_DIR}/${FRAMEWORKS_FOLDER_PATH}/FBSDKLoginKit.framework",
				"${TARGET_BUILD_DIR}/${FRAMEWORKS_FOLDER_PATH}/FBSDKShareKit.framework",
				"${TARGET_BUILD_DIR}/${FRAMEWORKS_FOLDER_PATH}/GTMSessionFetcher.framework",
				"${TARGET_BUILD_DIR}/${FRAMEWORKS_FOLDER_PATH}/GoogleToolboxForMac.framework",
				"${TARGET_BUILD_DIR}/${FRAMEWORKS_FOLDER_PATH}/SDWebImage.framework",
				"${TARGET_BUILD_DIR}/${FRAMEWORKS_FOLDER_PATH}/SlackTextViewController.framework",
				"${TARGET_BUILD_DIR}/${FRAMEWORKS_FOLDER_PATH}/SnapKit.framework",
				"${TARGET_BUILD_DIR}/${FRAMEWORKS_FOLDER_PATH}/leveldb.framework",
				"${TARGET_BUILD_DIR}/${FRAMEWORKS_FOLDER_PATH}/nanopb.framework",
			);
			runOnlyForDeploymentPostprocessing = 0;
			shellPath = /bin/sh;
			shellScript = "\"${SRCROOT}/Pods/Target Support Files/Pods-MUJIN.ios/Pods-MUJIN.ios-frameworks.sh\"\n";
			showEnvVarsInLog = 0;
		};
		697AC07AA9F9C06E20C49861 /* [CP] Check Pods Manifest.lock */ = {
			isa = PBXShellScriptBuildPhase;
			buildActionMask = 2147483647;
			files = (
			);
			inputPaths = (
				"${PODS_PODFILE_DIR_PATH}/Podfile.lock",
				"${PODS_ROOT}/Manifest.lock",
			);
			name = "[CP] Check Pods Manifest.lock";
			outputPaths = (
				"$(DERIVED_FILE_DIR)/Pods-MUJIN.ios-checkManifestLockResult.txt",
			);
			runOnlyForDeploymentPostprocessing = 0;
			shellPath = /bin/sh;
			shellScript = "diff \"${PODS_PODFILE_DIR_PATH}/Podfile.lock\" \"${PODS_ROOT}/Manifest.lock\" > /dev/null\nif [ $? != 0 ] ; then\n    # print error to STDERR\n    echo \"error: The sandbox is not in sync with the Podfile.lock. Run 'pod install' or update your CocoaPods installation.\" >&2\n    exit 1\nfi\n# This output is used by Xcode 'outputs' to avoid re-running this script phase.\necho \"SUCCESS\" > \"${SCRIPT_OUTPUT_FILE_0}\"\n";
			showEnvVarsInLog = 0;
		};
		7D1FE924F1D09732AD533459 /* [CP] Copy Pods Resources */ = {
			isa = PBXShellScriptBuildPhase;
			buildActionMask = 2147483647;
			files = (
			);
			inputPaths = (
			);
			name = "[CP] Copy Pods Resources";
			outputPaths = (
			);
			runOnlyForDeploymentPostprocessing = 0;
			shellPath = /bin/sh;
			shellScript = "\"${SRCROOT}/Pods/Target Support Files/Pods-MUJIN.ios/Pods-MUJIN.ios-resources.sh\"\n";
			showEnvVarsInLog = 0;
		};
/* End PBXShellScriptBuildPhase section */

/* Begin PBXSourcesBuildPhase section */
		16FA6C8E1FAC56F00016F254 /* Sources */ = {
			isa = PBXSourcesBuildPhase;
			buildActionMask = 2147483647;
			files = (
				166FC64E1FC0105E006F8B94 /* LoginViewController.swift in Sources */,
				16AF509B1FB1B22F00BA3194 /* HomeViewController.swift in Sources */,
				167AE68D1FCE6BC9006597EE /* NoticeficationData.swift in Sources */,
				16FA6CB21FAC67E70016F254 /* SecondViewController.swift in Sources */,
				16BA133D1FD058470071E603 /* GetGroupnameAndApply.swift in Sources */,
				1641F0EF1FD112CE0089B97B /* ModelViewController.swift in Sources */,
				16DF804A1FCC819200B2DEFC /* Message.swift in Sources */,
				1684699B1FC06A04002BA60B /* SettingViewController.swift in Sources */,
				164135A31FC6968A00971794 /* CustomButton.swift in Sources */,
				1641359F1FC6882C00971794 /* GroupDetailViewController.swift in Sources */,
				164A20C51FC17E0D0044B25F /* NoticeViewController.swift in Sources */,
				166FC64C1FBFDE15006F8B94 /* InputMessageViewController.swift in Sources */,
				16AF50911FB1751A00BA3194 /* GroupCreateViewController.swift in Sources */,
				163661DE1FC9BB3C0011A645 /* RegisterViewController.swift in Sources */,
				16FA6C981FAC56F00016F254 /* ViewController.swift in Sources */,
				16B736BA1FC873EA0088EF71 /* Chatviewcontroller.swift in Sources */,
				16FA6C961FAC56F00016F254 /* AppDelegate.swift in Sources */,
				169CDDD41FC1709A0050223B /* ShareTableTableViewController.swift in Sources */,
				16B736C01FC874FB0088EF71 /* TableViewCell.swift in Sources */,
				16774C0B1FD28E2E0096606E /* GetNotificationStatus.swift in Sources */,
				164A20C71FC268FC0044B25F /* GroupData.swift in Sources */,
				16158CA31FC3F91600218A31 /* GroupViewController.swift in Sources */,
			);
			runOnlyForDeploymentPostprocessing = 0;
		};
/* End PBXSourcesBuildPhase section */

/* Begin PBXVariantGroup section */
		16FA6C991FAC56F00016F254 /* Main.storyboard */ = {
			isa = PBXVariantGroup;
			children = (
				16FA6C9A1FAC56F00016F254 /* Base */,
			);
			name = Main.storyboard;
			sourceTree = "<group>";
		};
		16FA6C9E1FAC56F00016F254 /* LaunchScreen.storyboard */ = {
			isa = PBXVariantGroup;
			children = (
				16FA6C9F1FAC56F00016F254 /* Base */,
			);
			name = LaunchScreen.storyboard;
			sourceTree = "<group>";
		};
/* End PBXVariantGroup section */

/* Begin XCBuildConfiguration section */
		16FA6CA21FAC56F00016F254 /* Debug */ = {
			isa = XCBuildConfiguration;
			buildSettings = {
				ALWAYS_SEARCH_USER_PATHS = NO;
				CLANG_ANALYZER_NONNULL = YES;
				CLANG_ANALYZER_NUMBER_OBJECT_CONVERSION = YES_AGGRESSIVE;
				CLANG_CXX_LANGUAGE_STANDARD = "gnu++14";
				CLANG_CXX_LIBRARY = "libc++";
				CLANG_ENABLE_MODULES = YES;
				CLANG_ENABLE_OBJC_ARC = YES;
				CLANG_WARN_BLOCK_CAPTURE_AUTORELEASING = YES;
				CLANG_WARN_BOOL_CONVERSION = YES;
				CLANG_WARN_COMMA = YES;
				CLANG_WARN_CONSTANT_CONVERSION = YES;
				CLANG_WARN_DIRECT_OBJC_ISA_USAGE = YES_ERROR;
				CLANG_WARN_DOCUMENTATION_COMMENTS = YES;
				CLANG_WARN_EMPTY_BODY = YES;
				CLANG_WARN_ENUM_CONVERSION = YES;
				CLANG_WARN_INFINITE_RECURSION = YES;
				CLANG_WARN_INT_CONVERSION = YES;
				CLANG_WARN_NON_LITERAL_NULL_CONVERSION = YES;
				CLANG_WARN_OBJC_LITERAL_CONVERSION = YES;
				CLANG_WARN_OBJC_ROOT_CLASS = YES_ERROR;
				CLANG_WARN_RANGE_LOOP_ANALYSIS = YES;
				CLANG_WARN_STRICT_PROTOTYPES = YES;
				CLANG_WARN_SUSPICIOUS_MOVE = YES;
				CLANG_WARN_UNGUARDED_AVAILABILITY = YES_AGGRESSIVE;
				CLANG_WARN_UNREACHABLE_CODE = YES;
				CLANG_WARN__DUPLICATE_METHOD_MATCH = YES;
				CODE_SIGN_IDENTITY = "iPhone Developer";
				COPY_PHASE_STRIP = NO;
				DEBUG_INFORMATION_FORMAT = dwarf;
				ENABLE_STRICT_OBJC_MSGSEND = YES;
				ENABLE_TESTABILITY = YES;
				GCC_C_LANGUAGE_STANDARD = gnu11;
				GCC_DYNAMIC_NO_PIC = NO;
				GCC_NO_COMMON_BLOCKS = YES;
				GCC_OPTIMIZATION_LEVEL = 0;
				GCC_PREPROCESSOR_DEFINITIONS = (
					"DEBUG=1",
					"$(inherited)",
				);
				GCC_WARN_64_TO_32_BIT_CONVERSION = YES;
				GCC_WARN_ABOUT_RETURN_TYPE = YES_ERROR;
				GCC_WARN_UNDECLARED_SELECTOR = YES;
				GCC_WARN_UNINITIALIZED_AUTOS = YES_AGGRESSIVE;
				GCC_WARN_UNUSED_FUNCTION = YES;
				GCC_WARN_UNUSED_VARIABLE = YES;
				IPHONEOS_DEPLOYMENT_TARGET = 11.0;
				MTL_ENABLE_DEBUG_INFO = YES;
				ONLY_ACTIVE_ARCH = YES;
				SDKROOT = iphoneos;
				SWIFT_ACTIVE_COMPILATION_CONDITIONS = DEBUG;
				SWIFT_OPTIMIZATION_LEVEL = "-Onone";
			};
			name = Debug;
		};
		16FA6CA31FAC56F00016F254 /* Release */ = {
			isa = XCBuildConfiguration;
			buildSettings = {
				ALWAYS_SEARCH_USER_PATHS = NO;
				CLANG_ANALYZER_NONNULL = YES;
				CLANG_ANALYZER_NUMBER_OBJECT_CONVERSION = YES_AGGRESSIVE;
				CLANG_CXX_LANGUAGE_STANDARD = "gnu++14";
				CLANG_CXX_LIBRARY = "libc++";
				CLANG_ENABLE_MODULES = YES;
				CLANG_ENABLE_OBJC_ARC = YES;
				CLANG_WARN_BLOCK_CAPTURE_AUTORELEASING = YES;
				CLANG_WARN_BOOL_CONVERSION = YES;
				CLANG_WARN_COMMA = YES;
				CLANG_WARN_CONSTANT_CONVERSION = YES;
				CLANG_WARN_DIRECT_OBJC_ISA_USAGE = YES_ERROR;
				CLANG_WARN_DOCUMENTATION_COMMENTS = YES;
				CLANG_WARN_EMPTY_BODY = YES;
				CLANG_WARN_ENUM_CONVERSION = YES;
				CLANG_WARN_INFINITE_RECURSION = YES;
				CLANG_WARN_INT_CONVERSION = YES;
				CLANG_WARN_NON_LITERAL_NULL_CONVERSION = YES;
				CLANG_WARN_OBJC_LITERAL_CONVERSION = YES;
				CLANG_WARN_OBJC_ROOT_CLASS = YES_ERROR;
				CLANG_WARN_RANGE_LOOP_ANALYSIS = YES;
				CLANG_WARN_STRICT_PROTOTYPES = YES;
				CLANG_WARN_SUSPICIOUS_MOVE = YES;
				CLANG_WARN_UNGUARDED_AVAILABILITY = YES_AGGRESSIVE;
				CLANG_WARN_UNREACHABLE_CODE = YES;
				CLANG_WARN__DUPLICATE_METHOD_MATCH = YES;
				CODE_SIGN_IDENTITY = "iPhone Developer";
				COPY_PHASE_STRIP = NO;
				DEBUG_INFORMATION_FORMAT = "dwarf-with-dsym";
				ENABLE_NS_ASSERTIONS = NO;
				ENABLE_STRICT_OBJC_MSGSEND = YES;
				GCC_C_LANGUAGE_STANDARD = gnu11;
				GCC_NO_COMMON_BLOCKS = YES;
				GCC_WARN_64_TO_32_BIT_CONVERSION = YES;
				GCC_WARN_ABOUT_RETURN_TYPE = YES_ERROR;
				GCC_WARN_UNDECLARED_SELECTOR = YES;
				GCC_WARN_UNINITIALIZED_AUTOS = YES_AGGRESSIVE;
				GCC_WARN_UNUSED_FUNCTION = YES;
				GCC_WARN_UNUSED_VARIABLE = YES;
				IPHONEOS_DEPLOYMENT_TARGET = 11.0;
				MTL_ENABLE_DEBUG_INFO = NO;
				SDKROOT = iphoneos;
				SWIFT_OPTIMIZATION_LEVEL = "-Owholemodule";
				VALIDATE_PRODUCT = YES;
			};
			name = Release;
		};
		16FA6CA51FAC56F00016F254 /* Debug */ = {
			isa = XCBuildConfiguration;
			baseConfigurationReference = 0C117FD3411BDCCD7B801F43 /* Pods-MUJIN.ios.debug.xcconfig */;
			buildSettings = {
				ASSETCATALOG_COMPILER_APPICON_NAME = AppIcon;
				CLANG_ENABLE_MODULES = YES;
				CODE_SIGN_ENTITLEMENTS = MUJIN.ios/MUJIN.ios.entitlements;
				CODE_SIGN_STYLE = Automatic;
				DEVELOPMENT_TEAM = 24M9ECV3K5;
				INFOPLIST_FILE = MUJIN.ios/Info.plist;
				IPHONEOS_DEPLOYMENT_TARGET = 11.0;
				LD_RUNPATH_SEARCH_PATHS = "$(inherited) @executable_path/Frameworks";
				PRODUCT_BUNDLE_IDENTIFIER = "goombeer.MUJIN-ios";
				PRODUCT_NAME = "$(TARGET_NAME)";
				SWIFT_OBJC_BRIDGING_HEADER = "MUJIN.ios-Bridging-Header.h";
				SWIFT_OPTIMIZATION_LEVEL = "-Onone";
				SWIFT_VERSION = 4.0;
				TARGETED_DEVICE_FAMILY = "1,2";
			};
			name = Debug;
		};
		16FA6CA61FAC56F00016F254 /* Release */ = {
			isa = XCBuildConfiguration;
			baseConfigurationReference = C8EEF1A227B9DBFD01331585 /* Pods-MUJIN.ios.release.xcconfig */;
			buildSettings = {
				ASSETCATALOG_COMPILER_APPICON_NAME = AppIcon;
				CLANG_ENABLE_MODULES = YES;
				CODE_SIGN_ENTITLEMENTS = MUJIN.ios/MUJIN.ios.entitlements;
				CODE_SIGN_STYLE = Automatic;
				DEVELOPMENT_TEAM = 24M9ECV3K5;
				INFOPLIST_FILE = MUJIN.ios/Info.plist;
				IPHONEOS_DEPLOYMENT_TARGET = 11.0;
				LD_RUNPATH_SEARCH_PATHS = "$(inherited) @executable_path/Frameworks";
				PRODUCT_BUNDLE_IDENTIFIER = "goombeer.MUJIN-ios";
				PRODUCT_NAME = "$(TARGET_NAME)";
				SWIFT_OBJC_BRIDGING_HEADER = "MUJIN.ios-Bridging-Header.h";
				SWIFT_VERSION = 4.0;
				TARGETED_DEVICE_FAMILY = "1,2";
			};
			name = Release;
		};
/* End XCBuildConfiguration section */

/* Begin XCConfigurationList section */
		16FA6C8D1FAC56F00016F254 /* Build configuration list for PBXProject "MUJIN.ios" */ = {
			isa = XCConfigurationList;
			buildConfigurations = (
				16FA6CA21FAC56F00016F254 /* Debug */,
				16FA6CA31FAC56F00016F254 /* Release */,
			);
			defaultConfigurationIsVisible = 0;
			defaultConfigurationName = Release;
		};
		16FA6CA41FAC56F00016F254 /* Build configuration list for PBXNativeTarget "MUJIN.ios" */ = {
			isa = XCConfigurationList;
			buildConfigurations = (
				16FA6CA51FAC56F00016F254 /* Debug */,
				16FA6CA61FAC56F00016F254 /* Release */,
			);
			defaultConfigurationIsVisible = 0;
			defaultConfigurationName = Release;
		};
/* End XCConfigurationList section */
	};
	rootObject = 16FA6C8A1FAC56F00016F254 /* Project object */;
}
